
Microsoft Visual Studio Solution File, Format Version 12.00
# Visual Studio Version 16
VisualStudioVersion = 16.0.29306.81
MinimumVisualStudioVersion = 10.0.40219.1
Project("{9A19103F-16F7-4668-BE54-9A1E7A4F7556}") = "LOT.Api", "LOT.Api\LOT.Api.csproj", "{FBDEF0CF-E681-4C0A-827B-20DAB7336DB1}"
EndProject
Project("{FAE04EC0-301F-11D3-BF4B-00C04F79EFBC}") = "LOT.Services", "LOT.Services\LOT.Services.csproj", "{8482E3B6-D9A9-440A-8F25-04265D3AC73C}"
EndProject
Project("{FAE04EC0-301F-11D3-BF4B-00C04F79EFBC}") = "LOT.Common", "LOT.Common\LOT.Common.csproj", "{D926707E-3671-4598-B112-38D300FE4C4F}"
EndProject
Global
	GlobalSection(SolutionConfigurationPlatforms) = preSolution
		Debug|Any CPU = Debug|Any CPU
		Release|Any CPU = Release|Any CPU
	EndGlobalSection
	GlobalSection(ProjectConfigurationPlatforms) = postSolution
		{FBDEF0CF-E681-4C0A-827B-20DAB7336DB1}.Debug|Any CPU.ActiveCfg = Debug|Any CPU
		{FBDEF0CF-E681-4C0A-827B-20DAB7336DB1}.Debug|Any CPU.Build.0 = Debug|Any CPU
		{FBDEF0CF-E681-4C0A-827B-20DAB7336DB1}.Release|Any CPU.ActiveCfg = Release|Any CPU
		{FBDEF0CF-E681-4C0A-827B-20DAB7336DB1}.Release|Any CPU.Build.0 = Release|Any CPU
		{8482E3B6-D9A9-440A-8F25-04265D3AC73C}.Debug|Any CPU.ActiveCfg = Debug|Any CPU
		{8482E3B6-D9A9-440A-8F25-04265D3AC73C}.Debug|Any CPU.Build.0 = Debug|Any CPU
		{8482E3B6-D9A9-440A-8F25-04265D3AC73C}.Release|Any CPU.ActiveCfg = Release|Any CPU
		{8482E3B6-D9A9-440A-8F25-04265D3AC73C}.Release|Any CPU.Build.0 = Release|Any CPU
		{D926707E-3671-4598-B112-38D300FE4C4F}.Debug|Any CPU.ActiveCfg = Debug|Any CPU
		{D926707E-3671-4598-B112-38D300FE4C4F}.Debug|Any CPU.Build.0 = Debug|Any CPU
		{D926707E-3671-4598-B112-38D300FE4C4F}.Release|Any CPU.ActiveCfg = Release|Any CPU
		{D926707E-3671-4598-B112-38D300FE4C4F}.Release|Any CPU.Build.0 = Release|Any CPU
	EndGlobalSection
	GlobalSection(SolutionProperties) = preSolution
		HideSolutionNode = FALSE
	EndGlobalSection
	GlobalSection(ExtensibilityGlobals) = postSolution
		SolutionGuid = {8EE849B8-9A1F-476E-ABCC-9A591B63FCB4}
	EndGlobalSection
EndGlobal
